
Microsoft Visual Studio Solution File, Format Version 12.00
# Visual Studio Version 17
VisualStudioVersion = 17.4.33122.133
MinimumVisualStudioVersion = 10.0.40219.1
Project("{F184B08F-C81C-45F6-A57F-5ABD9991F28F}") = "mNotifyEchoDOt", "mNotifyEchoDOt.vbproj", "{DBF0ADAE-F16B-4D77-939F-117668F3AA42}"
EndProject
Global
	GlobalSection(SolutionConfigurationPlatforms) = preSolution
		Debug|Any CPU = Debug|Any CPU
		Release|Any CPU = Release|Any CPU
	EndGlobalSection
	GlobalSection(ProjectConfigurationPlatforms) = postSolution
		{DBF0ADAE-F16B-4D77-939F-117668F3AA42}.Debug|Any CPU.ActiveCfg = Debug|Any CPU
		{DBF0ADAE-F16B-4D77-939F-117668F3AA42}.Debug|Any CPU.Build.0 = Debug|Any CPU
		{DBF0ADAE-F16B-4D77-939F-117668F3AA42}.Release|Any CPU.ActiveCfg = Release|Any CPU
		{DBF0ADAE-F16B-4D77-939F-117668F3AA42}.Release|Any CPU.Build.0 = Release|Any CPU
	EndGlobalSection
	GlobalSection(SolutionProperties) = preSolution
		HideSolutionNode = FALSE
	EndGlobalSection
	GlobalSection(ExtensibilityGlobals) = postSolution
		SolutionGuid = {AEDA17F0-8D61-48A8-B058-CA72CCA1D79A}
	EndGlobalSection
EndGlobal
